
Microsoft Visual Studio Solution File, Format Version 12.00
# Visual Studio Version 17
VisualStudioVersion = 17.9.34728.123
MinimumVisualStudioVersion = 10.0.40219.1
Project("{FAE04EC0-301F-11D3-BF4B-00C04F79EFBC}") = "murderdrones", "murderdrones.csproj", "{59E05A5F-1303-4B89-BA9D-5DE347BF48C5}"
EndProject
Global
	GlobalSection(SolutionConfigurationPlatforms) = preSolution
		Debug|Any CPU = Debug|Any CPU
		Release|Any CPU = Release|Any CPU
	EndGlobalSection
	GlobalSection(ProjectConfigurationPlatforms) = postSolution
		{59E05A5F-1303-4B89-BA9D-5DE347BF48C5}.Debug|Any CPU.ActiveCfg = Debug|Any CPU
		{59E05A5F-1303-4B89-BA9D-5DE347BF48C5}.Debug|Any CPU.Build.0 = Debug|Any CPU
		{59E05A5F-1303-4B89-BA9D-5DE347BF48C5}.Release|Any CPU.ActiveCfg = Release|Any CPU
		{59E05A5F-1303-4B89-BA9D-5DE347BF48C5}.Release|Any CPU.Build.0 = Release|Any CPU
	EndGlobalSection
	GlobalSection(SolutionProperties) = preSolution
		HideSolutionNode = FALSE
	EndGlobalSection
	GlobalSection(ExtensibilityGlobals) = postSolution
		SolutionGuid = {5B0D486A-9470-4029-83C0-D18089E2160C}
	EndGlobalSection
EndGlobal
